
Microsoft Visual Studio Solution File, Format Version 12.00
# Visual Studio Version 17
VisualStudioVersion = 17.4.33213.308
MinimumVisualStudioVersion = 10.0.40219.1
Project("{FAE04EC0-301F-11D3-BF4B-00C04F79EFBC}") = "Day8Assignment", "Day8Assignment\Day8Assignment.csproj", "{EAA4BD3A-215F-46BC-AE2C-F341733C2B74}"
EndProject
Global
	GlobalSection(SolutionConfigurationPlatforms) = preSolution
		Debug|Any CPU = Debug|Any CPU
		Release|Any CPU = Release|Any CPU
	EndGlobalSection
	GlobalSection(ProjectConfigurationPlatforms) = postSolution
		{EAA4BD3A-215F-46BC-AE2C-F341733C2B74}.Debug|Any CPU.ActiveCfg = Debug|Any CPU
		{EAA4BD3A-215F-46BC-AE2C-F341733C2B74}.Debug|Any CPU.Build.0 = Debug|Any CPU
		{EAA4BD3A-215F-46BC-AE2C-F341733C2B74}.Release|Any CPU.ActiveCfg = Release|Any CPU
		{EAA4BD3A-215F-46BC-AE2C-F341733C2B74}.Release|Any CPU.Build.0 = Release|Any CPU
	EndGlobalSection
	GlobalSection(SolutionProperties) = preSolution
		HideSolutionNode = FALSE
	EndGlobalSection
	GlobalSection(ExtensibilityGlobals) = postSolution
		SolutionGuid = {26B22FF3-04F7-48DB-9DE0-ADD3E4D468EC}
	EndGlobalSection
EndGlobal
